
Microsoft Visual Studio Solution File, Format Version 12.00
# Visual Studio Version 17
VisualStudioVersion = 17.11.35222.181
MinimumVisualStudioVersion = 10.0.40219.1
Project("{FAE04EC0-301F-11D3-BF4B-00C04F79EFBC}") = "bankrablas", "bankrablas\bankrablas.csproj", "{1FDE02BB-D3F3-4B7A-B397-8508171BE74C}"
EndProject
Global
	GlobalSection(SolutionConfigurationPlatforms) = preSolution
		Debug|Any CPU = Debug|Any CPU
		Release|Any CPU = Release|Any CPU
	EndGlobalSection
	GlobalSection(ProjectConfigurationPlatforms) = postSolution
		{1FDE02BB-D3F3-4B7A-B397-8508171BE74C}.Debug|Any CPU.ActiveCfg = Debug|Any CPU
		{1FDE02BB-D3F3-4B7A-B397-8508171BE74C}.Debug|Any CPU.Build.0 = Debug|Any CPU
		{1FDE02BB-D3F3-4B7A-B397-8508171BE74C}.Release|Any CPU.ActiveCfg = Release|Any CPU
		{1FDE02BB-D3F3-4B7A-B397-8508171BE74C}.Release|Any CPU.Build.0 = Release|Any CPU
	EndGlobalSection
	GlobalSection(SolutionProperties) = preSolution
		HideSolutionNode = FALSE
	EndGlobalSection
	GlobalSection(ExtensibilityGlobals) = postSolution
		SolutionGuid = {11BB35B9-92CB-4408-B129-501FC4FB8E4E}
	EndGlobalSection
EndGlobal
